
Microsoft Visual Studio Solution File, Format Version 12.00
# Visual Studio Version 17
VisualStudioVersion = 17.3.32929.385
MinimumVisualStudioVersion = 10.0.40219.1
Project("{FAE04EC0-301F-11D3-BF4B-00C04F79EFBC}") = "ConsoleApp3", "ConsoleApp3.csproj", "{BD58834A-000F-46D3-A013-2A970027CB28}"
EndProject
Global
	GlobalSection(SolutionConfigurationPlatforms) = preSolution
		Debug|Any CPU = Debug|Any CPU
		Release|Any CPU = Release|Any CPU
	EndGlobalSection
	GlobalSection(ProjectConfigurationPlatforms) = postSolution
		{BD58834A-000F-46D3-A013-2A970027CB28}.Debug|Any CPU.ActiveCfg = Debug|Any CPU
		{BD58834A-000F-46D3-A013-2A970027CB28}.Debug|Any CPU.Build.0 = Debug|Any CPU
		{BD58834A-000F-46D3-A013-2A970027CB28}.Release|Any CPU.ActiveCfg = Release|Any CPU
		{BD58834A-000F-46D3-A013-2A970027CB28}.Release|Any CPU.Build.0 = Release|Any CPU
	EndGlobalSection
	GlobalSection(SolutionProperties) = preSolution
		HideSolutionNode = FALSE
	EndGlobalSection
	GlobalSection(ExtensibilityGlobals) = postSolution
		SolutionGuid = {95498C99-C329-4375-B1D3-1DB5A7A05510}
	EndGlobalSection
EndGlobal
